version = 1
revision = 3
requires-python = ">=3.11"

[[package]]
name = "docstring-parser"
version = "0.18.0"
source = { registry = "https://pypi.org/simple" }
sdist = { url = "https://files.pythonhosted.org/packages/e0/4d/f332313098c1de1b2d2ff91cf2674415cc7cddab2ca1b01ae29774bd5fdf/docstring_parser-0.18.0.tar.gz", hash = "sha256:292510982205c12b1248696f44959db3cdd1740237a968ea1e2e7a900eeb2015", size = 29341, upload-time = "2026-04-14T04:09:19.867Z" }
wheels = [
    { url = "https://files.pythonhosted.org/packages/a7/5f/ed01f9a3cdffbd5a008556fc7b2a08ddb1cc6ace7effa7340604b1d16699/docstring_parser-0.18.0-py3-none-any.whl", hash = "sha256:b3fcbed555c47d8479be0796ef7e19c2670d428d72e96da63f3a40122860374b", size = 22484, upload-time = "2026-04-14T04:09:18.638Z" },
]

[[package]]
name = "opentelemetry-api"
version = "1.44.0"
source = { registry = "https://pypi.org/simple" }
dependencies = [
    { name = "typing-extensions" },
]
sdist = { url = "https://files.pythonhosted.org/packages/ee/8b/aa9e2d8b8dfa7c946f7dec5d1f8f6ba8eca062f43509a06bdb5ce93d26c0/opentelemetry_api-1.44.0.tar.gz", hash = "sha256:67647e5e9566edcf421166fdf022b3537f818635daa852b289e34604dc6fb33a", size = 72406, upload-time = "2026-07-16T15:25:32.678Z" }
wheels = [
    { url = "https://files.pythonhosted.org/packages/ca/6f/a04e900f465ff3221ccc395522503e2d10e79fa21f2723c8e177aae1e0d1/opentelemetry_api-1.44.0-py3-none-any.whl", hash = "sha256:94b98c893a91b88657eaac1e3ba89618cdb85be6918196705354f34728b2cdef", size = 60018, upload-time = "2026-07-16T15:25:11.657Z" },
]

[[package]]
name = "opentelemetry-exporter-otlp-json-common"
version = "0.65b0"
source = { registry = "https://pypi.org/simple" }
dependencies = [
    { name = "opentelemetry-proto-json" },
    { name = "opentelemetry-sdk" },
]
sdist = { url = "https://files.pythonhosted.org/packages/23/a3/f4dbf87b48c2de020c17c937ba2e6ce2e66b3fbbf0ca90cb0ef7a6634350/opentelemetry_exporter_otlp_json_common-0.65b0.tar.gz", hash = "sha256:e5c2ae6b2f154b5804332074bf4ff14c8b55d9613e38687d355343adfc4a4abf", size = 22096, upload-time = "2026-07-16T15:25:36.308Z" }
wheels = [
    { url = "https://files.pythonhosted.org/packages/9e/fb/0fc0bd211cd3e3bb3995c4a2fb366bbba571b1e801c9c3bb60ca06609ff3/opentelemetry_exporter_otlp_json_common-0.65b0-py3-none-any.whl", hash = "sha256:2adc328b0cdc5bd960658f96378c2c5280a49468f08df63624e8aa6053f73890", size = 14596, upload-time = "2026-07-16T15:25:16.489Z" },
]

[[package]]
name = "opentelemetry-exporter-otlp-json-file"
version = "0.65b0"
source = { registry = "https://pypi.org/simple" }
dependencies = [
    { name = "opentelemetry-exporter-otlp-json-common" },
    { name = "opentelemetry-sdk" },
]
sdist = { url = "https://files.pythonhosted.org/packages/24/3a/5089e7bfd35a25c24051c228f360549fac31dcce8aa5b117905b0df34031/opentelemetry_exporter_otlp_json_file-0.65b0.tar.gz", hash = "sha256:66262e688f68a99bb6f552dc365a470104f4c4f06050c826adb62a489f8bf9f2", size = 12477, upload-time = "2026-07-16T15:25:37.06Z" }
wheels = [
    { url = "https://files.pythonhosted.org/packages/0b/69/06be4f988034ca4683df991c12ca2e7064dd7819438b69e2ecea12ee2bf6/opentelemetry_exporter_otlp_json_file-0.65b0-py3-none-any.whl", hash = "sha256:154020d0d3dfb76cfdfaafd39eb00ee5c97518eda076f812ba6c40eb4b6187b3", size = 11857, upload-time = "2026-07-16T15:25:17.373Z" },
]

[[package]]
name = "opentelemetry-proto-json"
version = "0.65b0"
source = { registry = "https://pypi.org/simple" }
sdist = { url = "https://files.pythonhosted.org/packages/fe/01/27a9f85068eb304b8bea4e1bc37957d79ae6c7650f6b864411704275662f/opentelemetry_proto_json-0.65b0.tar.gz", hash = "sha256:db903ce00980601088555a8d86027f3143f3eaa14b8c29388774ccf820a687a5", size = 18698, upload-time = "2026-07-16T18:04:57.282Z" }
wheels = [
    { url = "https://files.pythonhosted.org/packages/a8/4d/fcc56675b09009c867ad928d0c0e58381e678613c7d65d22514e112ef838/opentelemetry_proto_json-0.65b0-py3-none-any.whl", hash = "sha256:709582c02f145ccb75d95e6c15c4decc0495e9a7524f6de0b1f8045219c5b3cb", size = 32059, upload-time = "2026-07-16T18:04:54.931Z" },
]

[[package]]
name = "opentelemetry-sdk"
version = "1.44.0"
source = { registry = "https://pypi.org/simple" }
dependencies = [
    { name = "opentelemetry-api" },
    { name = "opentelemetry-semantic-conventions" },
    { name = "typing-extensions" },
]
sdist = { url = "https://files.pythonhosted.org/packages/5d/77/a6592cbc7c8d9bcc9d6757a9df45e04a7c585e3e6e7a13456da522b21109/opentelemetry_sdk-1.44.0.tar.gz", hash = "sha256:cebe7f65dc12f26ead75c6064de12fd2a9052e5060c0272d402cfa203aae123b", size = 208624, upload-time = "2026-07-16T15:25:46.078Z" }
wheels = [
    { url = "https://files.pythonhosted.org/packages/e7/23/ff077e61886ee020a17ce9c8b6fa11c601c8d8345b09ea24f605445df62a/opentelemetry_sdk-1.44.0-py3-none-any.whl", hash = "sha256:df081c4c6bcfdb1211e3e86140376792643128a25f8d72d1d27675936e7e96ad", size = 137221, upload-time = "2026-07-16T15:25:29.534Z" },
]

[[package]]
name = "opentelemetry-semantic-conventions"
version = "0.65b0"
source = { registry = "https://pypi.org/simple" }
dependencies = [
    { name = "opentelemetry-api" },
    { name = "typing-extensions" },
]
sdist = { url = "https://files.pythonhosted.org/packages/8f/73/0cbdebcb4cf545fdd328da14f5137e37d0770c3f26185e478b0d15d94f50/opentelemetry_semantic_conventions-0.65b0.tar.gz", hash = "sha256:f9b2b81e9d5b64f11bc952075e7e9c7fb0aab075c7fd1c46d597f1b919852d60", size = 148774, upload-time = "2026-07-16T15:25:46.902Z" }
wheels = [
    { url = "https://files.pythonhosted.org/packages/a6/0e/49df70d9b81fb5cbae4bbf2a49d865b09bcbcbc4eb53f5851b1027738d78/opentelemetry_semantic_conventions-0.65b0-py3-none-any.whl", hash = "sha256:1cacde7b0ad306f84c5ef08c3dbe1bbaf20165bba6f8bff43b670e555a086bcb", size = 204645, upload-time = "2026-07-16T15:25:30.688Z" },
]

[[package]]
name = "pyrefly-bzl"
version = "0.3.0"
source = { virtual = "." }
dependencies = [
    { name = "opentelemetry-exporter-otlp-json-file" },
    { name = "opentelemetry-sdk" },
    { name = "simple-parsing" },
    { name = "tomli-w" },
]

[package.metadata]
requires-dist = [
    { name = "opentelemetry-exporter-otlp-json-file", specifier = "==0.65b0" },
    { name = "opentelemetry-sdk", specifier = "==1.44.0" },
    { name = "simple-parsing", specifier = "==0.1.8" },
    { name = "tomli-w", specifier = "==1.2.0" },
]

[[package]]
name = "simple-parsing"
version = "0.1.8"
source = { registry = "https://pypi.org/simple" }
dependencies = [
    { name = "docstring-parser" },
    { name = "typing-extensions" },
]
sdist = { url = "https://files.pythonhosted.org/packages/be/67/e3e5b89f1c81ca574a157104b0ecebfc3096933cbf58f644c9cb0a56c94f/simple_parsing-0.1.8.tar.gz", hash = "sha256:19c2a9002ebd7ad281fce579f9b2a0aa0c4d67e1688cee0e8cdf6d8e98ec2c18", size = 255933, upload-time = "2026-01-20T23:29:05.258Z" }
wheels = [
    { url = "https://files.pythonhosted.org/packages/70/46/eab9fe2a4a2f6665a7c79b2007121a00ba95502fef50c1537d8147b4f91c/simple_parsing-0.1.8-py3-none-any.whl", hash = "sha256:4d1ef136a28674b3ebb9760cacda4d6f01de32de0b280a869df977d182f12947", size = 113438, upload-time = "2026-01-20T23:29:04.17Z" },
]

[[package]]
name = "tomli-w"
version = "1.2.0"
source = { registry = "https://pypi.org/simple" }
sdist = { url = "https://files.pythonhosted.org/packages/19/75/241269d1da26b624c0d5e110e8149093c759b7a286138f4efd61a60e75fe/tomli_w-1.2.0.tar.gz", hash = "sha256:2dd14fac5a47c27be9cd4c976af5a12d87fb1f0b4512f81d69cce3b35ae25021", size = 7184, upload-time = "2025-01-15T12:07:24.262Z" }
wheels = [
    { url = "https://files.pythonhosted.org/packages/c7/18/c86eb8e0202e32dd3df50d43d7ff9854f8e0603945ff398974c1d91ac1ef/tomli_w-1.2.0-py3-none-any.whl", hash = "sha256:188306098d013b691fcadc011abd66727d3c414c571bb01b1a174ba8c983cf90", size = 6675, upload-time = "2025-01-15T12:07:22.074Z" },
]

[[package]]
name = "typing-extensions"
version = "4.16.0"
source = { registry = "https://pypi.org/simple" }
sdist = { url = "https://files.pythonhosted.org/packages/f6/cc/6253133b5bb138fc3306cebfbda2c520f545d36b5be2c7255cc528bb45d6/typing_extensions-4.16.0.tar.gz", hash = "sha256:dc983d19a509c94dba722ee6abd33940f7c05a89e243c47e907eb4db6f1a43e5", size = 113555, upload-time = "2026-07-02T08:40:05.92Z" }
wheels = [
    { url = "https://files.pythonhosted.org/packages/49/d3/b8441a820a491ddfc024b0b0cf0393375b75ea13866d9c66727e54c2fc80/typing_extensions-4.16.0-py3-none-any.whl", hash = "sha256:481caa481374e813c1b176ada14e97f1f67a4539ce9cfeb3f350d78d6370c2e8", size = 45571, upload-time = "2026-07-02T08:40:04.659Z" },
]
